
Microsoft Visual Studio Solution File, Format Version 12.00
# Visual Studio Version 16
VisualStudioVersion = 16.0.28803.202
MinimumVisualStudioVersion = 10.0.40219.1
Project("{FAE04EC0-301F-11D3-BF4B-00C04F79EFBC}") = "AccountingProject", "AccountingProject\AccountingProject.csproj", "{D4B3CA2E-EFFA-48DE-8939-FE6E13DC8FB2}"
EndProject
Global
	GlobalSection(SolutionConfigurationPlatforms) = preSolution
		Debug|Any CPU = Debug|Any CPU
		Release|Any CPU = Release|Any CPU
	EndGlobalSection
	GlobalSection(ProjectConfigurationPlatforms) = postSolution
		{D4B3CA2E-EFFA-48DE-8939-FE6E13DC8FB2}.Debug|Any CPU.ActiveCfg = Debug|Any CPU
		{D4B3CA2E-EFFA-48DE-8939-FE6E13DC8FB2}.Debug|Any CPU.Build.0 = Debug|Any CPU
		{D4B3CA2E-EFFA-48DE-8939-FE6E13DC8FB2}.Release|Any CPU.ActiveCfg = Release|Any CPU
		{D4B3CA2E-EFFA-48DE-8939-FE6E13DC8FB2}.Release|Any CPU.Build.0 = Release|Any CPU
	EndGlobalSection
	GlobalSection(SolutionProperties) = preSolution
		HideSolutionNode = FALSE
	EndGlobalSection
	GlobalSection(ExtensibilityGlobals) = postSolution
		SolutionGuid = {2B5F730E-6891-4D54-A447-6F416986E666}
	EndGlobalSection
EndGlobal
